{
  "version": 4,
  "terraform_version": "1.11.0",
  "serial": 259,
  "lineage": "5ad73bbc-eba6-8a29-b3d0-6486345aa6f7",
  "outputs": {},
  "resources": [
    {
      "mode": "data",
      "type": "template_file",
      "name": "back-conf",
      "provider": "provider[\"registry.terraform.io/hashicorp/template\"]",
      "instances": [
        {
          "schema_version": 0,
          "attributes": {
            "filename": null,
            "id": "392961a35457df2dd1466e4ddf0b796762faf362aacefc33d24b0fed3d2cab7c",
            "rendered": "spring.application.name=gestioBackEnd\n\nserver.error.include-message=always\nserver.error.include-binding-errors=always\n\nspring.datasource.url=jdbc:mysql://localhost:3306/askyu\nspring.datasource.driver-class-name=com.mysql.cj.jdbc.Driver\nspring.datasource.username=testes\nspring.datasource.password=12345678\n\nspring.jpa.show-sql=true\nspring.jpa.properties.hibernate.format_sql=true\nspring.jpa.hibernate.ddl-auto=update\n\nspring.servlet.multipart.enabled=true\nspring.servlet.multipart.max-file-size=10MB\nspring.servlet.multipart.max-request-size=10MB\ncors.allowed-origins=34.239.250.245\n",
            "template": "spring.application.name=gestioBackEnd\n\nserver.error.include-message=always\nserver.error.include-binding-errors=always\n\nspring.datasource.url=jdbc:mysql://localhost:3306/askyu\nspring.datasource.driver-class-name=com.mysql.cj.jdbc.Driver\nspring.datasource.username=testes\nspring.datasource.password=12345678\n\nspring.jpa.show-sql=true\nspring.jpa.properties.hibernate.format_sql=true\nspring.jpa.hibernate.ddl-auto=update\n\nspring.servlet.multipart.enabled=true\nspring.servlet.multipart.max-file-size=10MB\nspring.servlet.multipart.max-request-size=10MB\ncors.allowed-origins=${ipv4_public}\n",
            "vars": {
              "ipv4_public": "34.239.250.245"
            }
          },
          "sensitive_attributes": []
        }
      ]
    },
    {
      "mode": "managed",
      "type": "aws_eip",
      "name": "main-public",
      "provider": "provider[\"registry.terraform.io/hashicorp/aws\"]",
      "instances": [
        {
          "schema_version": 0,
          "attributes": {
            "address": null,
            "allocation_id": "eipalloc-096db08f6e1039591",
            "associate_with_private_ip": null,
            "association_id": "eipassoc-0c1b987f875700049",
            "carrier_ip": "",
            "customer_owned_ip": "",
            "customer_owned_ipv4_pool": "",
            "domain": "vpc",
            "id": "eipalloc-096db08f6e1039591",
            "instance": "",
            "network_border_group": "us-east-1",
            "network_interface": "eni-0f0da8da88715a601",
            "private_dns": "ip-10-0-0-238.ec2.internal",
            "private_ip": "10.0.0.238",
            "public_dns": "ec2-98-85-153-20.compute-1.amazonaws.com",
            "public_ip": "98.85.153.20",
            "public_ipv4_pool": "amazon",
            "tags": {
              "Name": "eip-natgw"
            },
            "tags_all": {
              "Name": "eip-natgw"
            },
            "timeouts": null,
            "vpc": true
          },
          "sensitive_attributes": [],
          "private": "eyJlMmJmYjczMC1lY2FhLTExZTYtOGY4OC0zNDM2M2JjN2M0YzAiOnsiZGVsZXRlIjoxODAwMDAwMDAwMDAsInJlYWQiOjkwMDAwMDAwMDAwMCwidXBkYXRlIjozMDAwMDAwMDAwMDB9fQ=="
        }
      ]
    },
    {
      "mode": "managed",
      "type": "aws_instance",
      "name": "main-private",
      "provider": "provider[\"registry.terraform.io/hashicorp/aws\"]",
      "instances": [
        {
          "schema_version": 1,
          "attributes": {
            "ami": "ami-04b4f1a9cf54c11d0",
            "arn": "arn:aws:ec2:us-east-1:600852671443:instance/i-0111d14a4b6013a52",
            "associate_public_ip_address": false,
            "availability_zone": "us-east-1b",
            "capacity_reservation_specification": [
              {
                "capacity_reservation_preference": "open",
                "capacity_reservation_target": []
              }
            ],
            "cpu_core_count": 1,
            "cpu_threads_per_core": 1,
            "credit_specification": [
              {
                "cpu_credits": "standard"
              }
            ],
            "disable_api_termination": false,
            "ebs_block_device": [],
            "ebs_optimized": false,
            "enclave_options": [
              {
                "enabled": false
              }
            ],
            "ephemeral_block_device": [],
            "get_password_data": false,
            "hibernation": false,
            "host_id": null,
            "iam_instance_profile": "",
            "id": "i-0111d14a4b6013a52",
            "instance_initiated_shutdown_behavior": "stop",
            "instance_state": "running",
            "instance_type": "t2.micro",
            "ipv6_address_count": 0,
            "ipv6_addresses": [],
            "key_name": "pvkey-ges",
            "launch_template": [],
            "metadata_options": [
              {
                "http_endpoint": "enabled",
                "http_put_response_hop_limit": 2,
                "http_tokens": "required",
                "instance_metadata_tags": "disabled"
              }
            ],
            "monitoring": false,
            "network_interface": [],
            "outpost_arn": "",
            "password_data": "",
            "placement_group": "",
            "placement_partition_number": null,
            "primary_network_interface_id": "eni-08705836a26132907",
            "private_dns": "ip-10-0-1-253.ec2.internal",
            "private_ip": "10.0.1.253",
            "public_dns": "",
            "public_ip": "",
            "root_block_device": [
              {
                "delete_on_termination": true,
                "device_name": "/dev/sda1",
                "encrypted": false,
                "iops": 3000,
                "kms_key_id": "",
                "tags": {},
                "throughput": 125,
                "volume_id": "vol-08d4553a4a101586f",
                "volume_size": 8,
                "volume_type": "gp3"
              }
            ],
            "secondary_private_ips": [],
            "security_groups": [
              "sg-018a2e7b51d320cbe"
            ],
            "source_dest_check": true,
            "subnet_id": "subnet-01a0d0ed134677f7e",
            "tags": {
              "Name": "instancia-privada"
            },
            "tags_all": {
              "Name": "instancia-privada"
            },
            "tenancy": "default",
            "timeouts": null,
            "user_data": null,
            "user_data_base64": null,
            "volume_tags": null,
            "vpc_security_group_ids": [
              "sg-018a2e7b51d320cbe"
            ]
          },
          "sensitive_attributes": [],
          "private": "eyJlMmJmYjczMC1lY2FhLTExZTYtOGY4OC0zNDM2M2JjN2M0YzAiOnsiY3JlYXRlIjo2MDAwMDAwMDAwMDAsImRlbGV0ZSI6MTIwMDAwMDAwMDAwMCwidXBkYXRlIjo2MDAwMDAwMDAwMDB9LCJzY2hlbWFfdmVyc2lvbiI6IjEifQ==",
          "dependencies": [
            "aws_key_pair.main-private",
            "aws_security_group.main",
            "aws_subnet.main-private",
            "aws_vpc.main"
          ]
        }
      ]
    },
    {
      "mode": "managed",
      "type": "aws_instance",
      "name": "main-public",
      "provider": "provider[\"registry.terraform.io/hashicorp/aws\"]",
      "instances": [
        {
          "schema_version": 1,
          "attributes": {
            "ami": "ami-04b4f1a9cf54c11d0",
            "arn": "arn:aws:ec2:us-east-1:600852671443:instance/i-0de7dcfb654902e89",
            "associate_public_ip_address": true,
            "availability_zone": "us-east-1e",
            "capacity_reservation_specification": [
              {
                "capacity_reservation_preference": "open",
                "capacity_reservation_target": []
              }
            ],
            "cpu_core_count": 1,
            "cpu_threads_per_core": 1,
            "credit_specification": [
              {
                "cpu_credits": "standard"
              }
            ],
            "disable_api_termination": false,
            "ebs_block_device": [],
            "ebs_optimized": false,
            "enclave_options": [
              {
                "enabled": false
              }
            ],
            "ephemeral_block_device": [],
            "get_password_data": false,
            "hibernation": false,
            "host_id": null,
            "iam_instance_profile": "",
            "id": "i-0de7dcfb654902e89",
            "instance_initiated_shutdown_behavior": "stop",
            "instance_state": "running",
            "instance_type": "t2.micro",
            "ipv6_address_count": 0,
            "ipv6_addresses": [],
            "key_name": "pbkey-ges",
            "launch_template": [],
            "metadata_options": [
              {
                "http_endpoint": "enabled",
                "http_put_response_hop_limit": 2,
                "http_tokens": "required",
                "instance_metadata_tags": "disabled"
              }
            ],
            "monitoring": false,
            "network_interface": [],
            "outpost_arn": "",
            "password_data": "",
            "placement_group": "",
            "placement_partition_number": null,
            "primary_network_interface_id": "eni-0af4d2a9da7183833",
            "private_dns": "ip-10-0-0-184.ec2.internal",
            "private_ip": "10.0.0.184",
            "public_dns": "ec2-34-239-250-245.compute-1.amazonaws.com",
            "public_ip": "34.239.250.245",
            "root_block_device": [
              {
                "delete_on_termination": true,
                "device_name": "/dev/sda1",
                "encrypted": false,
                "iops": 3000,
                "kms_key_id": "",
                "tags": {},
                "throughput": 125,
                "volume_id": "vol-0f0f54b777b2b9dc9",
                "volume_size": 8,
                "volume_type": "gp3"
              }
            ],
            "secondary_private_ips": [],
            "security_groups": [
              "sg-018a2e7b51d320cbe"
            ],
            "source_dest_check": true,
            "subnet_id": "subnet-0b840396c2a9ff153",
            "tags": {
              "Name": "instancia-publica"
            },
            "tags_all": {
              "Name": "instancia-publica"
            },
            "tenancy": "default",
            "timeouts": null,
            "user_data": null,
            "user_data_base64": null,
            "volume_tags": null,
            "vpc_security_group_ids": [
              "sg-018a2e7b51d320cbe"
            ]
          },
          "sensitive_attributes": [],
          "private": "eyJlMmJmYjczMC1lY2FhLTExZTYtOGY4OC0zNDM2M2JjN2M0YzAiOnsiY3JlYXRlIjo2MDAwMDAwMDAwMDAsImRlbGV0ZSI6MTIwMDAwMDAwMDAwMCwidXBkYXRlIjo2MDAwMDAwMDAwMDB9LCJzY2hlbWFfdmVyc2lvbiI6IjEifQ==",
          "dependencies": [
            "aws_key_pair.main-public",
            "aws_security_group.main",
            "aws_subnet.main-public",
            "aws_vpc.main"
          ]
        }
      ]
    },
    {
      "mode": "managed",
      "type": "aws_internet_gateway",
      "name": "main",
      "provider": "provider[\"registry.terraform.io/hashicorp/aws\"]",
      "instances": [
        {
          "schema_version": 0,
          "attributes": {
            "arn": "arn:aws:ec2:us-east-1:600852671443:internet-gateway/igw-001dc530895857a3e",
            "id": "igw-001dc530895857a3e",
            "owner_id": "600852671443",
            "tags": {
              "Name": "igw"
            },
            "tags_all": {
              "Name": "igw"
            },
            "vpc_id": "vpc-0efc21e0ef708ac17"
          },
          "sensitive_attributes": [],
          "private": "bnVsbA==",
          "dependencies": [
            "aws_vpc.main"
          ]
        }
      ]
    },
    {
      "mode": "managed",
      "type": "aws_key_pair",
      "name": "main-private",
      "provider": "provider[\"registry.terraform.io/hashicorp/aws\"]",
      "instances": [
        {
          "schema_version": 1,
          "attributes": {
            "arn": "arn:aws:ec2:us-east-1:600852671443:key-pair/pvkey-ges",
            "fingerprint": "5b:60:be:07:fa:ce:c7:8a:dc:67:d6:58:e0:2f:02:70",
            "id": "pvkey-ges",
            "key_name": "pvkey-ges",
            "key_name_prefix": "",
            "key_pair_id": "key-0e1b8272abcee3801",
            "public_key": "ssh-rsa AAAAB3NzaC1yc2EAAAADAQABAAABAQDG70Ia8JKbbs9TTob49RQU8W5t2fdLmQAUD4/IcbP3BYhiacFdfFTN2mn8sNZIzVLFHNC0k68qn6otfUBzGR/z1EGfJiYfUrFCzCFaEHqG05rtcHaYCQkbs5hTrpZ6iXO7W0NQxbH5eNYs++c+chATyBKk0n149xcOT0+3VLC79aBzqDnDF8ew0fe/6xmcaGiGv0J38GOtpRZNuJCpJ3e8zhb2RMgXa86ehStqXc0CdcRsl5Pk/30wGCIi9Ka3yBpsSBf8U8Gm7Z+U9f9SgOsvn1xBKH/Luxd4lWw2bAa72h6Sb1CXjTLovI+7GoaX98q8WYk49+HEFeaFcoh+FtlJ kayky@ideapadi3",
            "tags": {},
            "tags_all": {}
          },
          "sensitive_attributes": [],
          "private": "eyJzY2hlbWFfdmVyc2lvbiI6IjEifQ=="
        }
      ]
    },
    {
      "mode": "managed",
      "type": "aws_key_pair",
      "name": "main-public",
      "provider": "provider[\"registry.terraform.io/hashicorp/aws\"]",
      "instances": [
        {
          "schema_version": 1,
          "attributes": {
            "arn": "arn:aws:ec2:us-east-1:600852671443:key-pair/pbkey-ges",
            "fingerprint": "31:09:61:e3:3b:e6:0f:18:e8:8f:d1:53:fb:40:94:77",
            "id": "pbkey-ges",
            "key_name": "pbkey-ges",
            "key_name_prefix": "",
            "key_pair_id": "key-04498ccbcf939937f",
            "public_key": "ssh-rsa AAAAB3NzaC1yc2EAAAADAQABAAABAQCoxRcd8gYipo4BfEKWl+t7vxn1tYm/EKZTVDV8np6QbQIeGvsD7NVJ7pFG9/LoRxQHWMTSjD1QGwlSg6bQDcoyGrXk6qYvpvHxGe8+7K7xDGg7hXjDzS+wJeMd+V0U1XTMAwtjzEad9mwHcBVUOwd+a2ybyKWxK6rbERiswuk31pmPExSzJkogoOkB0WKGiL/X2QyTFEW16DKqeDEECbkbMmoNsrdRLd0KyUKlCoAZ1LsJHY5hw4QIjHEwbRO7ASFCT0qrydllGsX2aNBAN+vfRd8nxVBXTOQrYGu9NNeF3FHHAQ43sEBFrIT7AXtazAZFojECIucN5eeBEFl/3nTD kayky@ideapadi3",
            "tags": {},
            "tags_all": {}
          },
          "sensitive_attributes": [],
          "private": "eyJzY2hlbWFfdmVyc2lvbiI6IjEifQ=="
        }
      ]
    },
    {
      "mode": "managed",
      "type": "aws_nat_gateway",
      "name": "main",
      "provider": "provider[\"registry.terraform.io/hashicorp/aws\"]",
      "instances": [
        {
          "schema_version": 0,
          "attributes": {
            "allocation_id": "eipalloc-096db08f6e1039591",
            "connectivity_type": "public",
            "id": "nat-008a36befd5d3533c",
            "network_interface_id": "eni-0f0da8da88715a601",
            "private_ip": "10.0.0.238",
            "public_ip": "98.85.153.20",
            "subnet_id": "subnet-0b840396c2a9ff153",
            "tags": {
              "Name": "igw-nat"
            },
            "tags_all": {
              "Name": "igw-nat"
            }
          },
          "sensitive_attributes": [],
          "private": "bnVsbA==",
          "dependencies": [
            "aws_eip.main-public",
            "aws_subnet.main-public",
            "aws_vpc.main"
          ]
        }
      ]
    },
    {
      "mode": "managed",
      "type": "aws_network_acl",
      "name": "private_acl",
      "provider": "provider[\"registry.terraform.io/hashicorp/aws\"]",
      "instances": [
        {
          "schema_version": 0,
          "attributes": {
            "arn": "arn:aws:ec2:us-east-1:600852671443:network-acl/acl-0256bcee77f8ab97c",
            "egress": [
              {
                "action": "allow",
                "cidr_block": "0.0.0.0/0",
                "from_port": 0,
                "icmp_code": 0,
                "icmp_type": 0,
                "ipv6_cidr_block": "",
                "protocol": "-1",
                "rule_no": 100,
                "to_port": 0
              }
            ],
            "id": "acl-0256bcee77f8ab97c",
            "ingress": [
              {
                "action": "allow",
                "cidr_block": "0.0.0.0/0",
                "from_port": 22,
                "icmp_code": null,
                "icmp_type": null,
                "ipv6_cidr_block": "",
                "protocol": "tcp",
                "rule_no": 100,
                "to_port": 22
              },
              {
                "action": "allow",
                "cidr_block": "0.0.0.0/0",
                "from_port": 32000,
                "icmp_code": null,
                "icmp_type": null,
                "ipv6_cidr_block": "",
                "protocol": "tcp",
                "rule_no": 400,
                "to_port": 65535
              },
              {
                "action": "allow",
                "cidr_block": "0.0.0.0/0",
                "from_port": 443,
                "icmp_code": null,
                "icmp_type": null,
                "ipv6_cidr_block": "",
                "protocol": "tcp",
                "rule_no": 300,
                "to_port": 443
              },
              {
                "action": "allow",
                "cidr_block": "0.0.0.0/0",
                "from_port": 80,
                "icmp_code": null,
                "icmp_type": null,
                "ipv6_cidr_block": "",
                "protocol": "tcp",
                "rule_no": 200,
                "to_port": 80
              }
            ],
            "owner_id": "600852671443",
            "subnet_ids": [
              "subnet-01a0d0ed134677f7e"
            ],
            "tags": {
              "Name": "acl-privada"
            },
            "tags_all": {
              "Name": "acl-privada"
            },
            "vpc_id": "vpc-0efc21e0ef708ac17"
          },
          "sensitive_attributes": [],
          "private": "bnVsbA==",
          "dependencies": [
            "aws_subnet.main-private",
            "aws_vpc.main"
          ]
        }
      ]
    },
    {
      "mode": "managed",
      "type": "aws_network_acl",
      "name": "public_acl",
      "provider": "provider[\"registry.terraform.io/hashicorp/aws\"]",
      "instances": [
        {
          "schema_version": 0,
          "attributes": {
            "arn": "arn:aws:ec2:us-east-1:600852671443:network-acl/acl-050311cf7dd59c6bc",
            "egress": [
              {
                "action": "allow",
                "cidr_block": "0.0.0.0/0",
                "from_port": 0,
                "icmp_code": 0,
                "icmp_type": 0,
                "ipv6_cidr_block": "",
                "protocol": "-1",
                "rule_no": 100,
                "to_port": 0
              }
            ],
            "id": "acl-050311cf7dd59c6bc",
            "ingress": [
              {
                "action": "allow",
                "cidr_block": "0.0.0.0/0",
                "from_port": 22,
                "icmp_code": 0,
                "icmp_type": 0,
                "ipv6_cidr_block": "",
                "protocol": "6",
                "rule_no": 100,
                "to_port": 22
              },
              {
                "action": "allow",
                "cidr_block": "0.0.0.0/0",
                "from_port": 32000,
                "icmp_code": 0,
                "icmp_type": 0,
                "ipv6_cidr_block": "",
                "protocol": "6",
                "rule_no": 400,
                "to_port": 65535
              },
              {
                "action": "allow",
                "cidr_block": "0.0.0.0/0",
                "from_port": 443,
                "icmp_code": 0,
                "icmp_type": 0,
                "ipv6_cidr_block": "",
                "protocol": "6",
                "rule_no": 300,
                "to_port": 443
              },
              {
                "action": "allow",
                "cidr_block": "0.0.0.0/0",
                "from_port": 80,
                "icmp_code": 0,
                "icmp_type": 0,
                "ipv6_cidr_block": "",
                "protocol": "6",
                "rule_no": 200,
                "to_port": 80
              }
            ],
            "owner_id": "600852671443",
            "subnet_ids": [
              "subnet-0b840396c2a9ff153"
            ],
            "tags": {
              "Name": "acl-publica"
            },
            "tags_all": {
              "Name": "acl-publica"
            },
            "vpc_id": "vpc-0efc21e0ef708ac17"
          },
          "sensitive_attributes": [],
          "private": "bnVsbA==",
          "dependencies": [
            "aws_subnet.main-public",
            "aws_vpc.main"
          ]
        }
      ]
    },
    {
      "mode": "managed",
      "type": "aws_route_table",
      "name": "main-private",
      "provider": "provider[\"registry.terraform.io/hashicorp/aws\"]",
      "instances": [
        {
          "schema_version": 0,
          "attributes": {
            "arn": "arn:aws:ec2:us-east-1:600852671443:route-table/rtb-0791c459b4f083a6d",
            "id": "rtb-0791c459b4f083a6d",
            "owner_id": "600852671443",
            "propagating_vgws": [],
            "route": [
              {
                "carrier_gateway_id": "",
                "cidr_block": "0.0.0.0/0",
                "destination_prefix_list_id": "",
                "egress_only_gateway_id": "",
                "gateway_id": "",
                "instance_id": "",
                "ipv6_cidr_block": "",
                "local_gateway_id": "",
                "nat_gateway_id": "nat-008a36befd5d3533c",
                "network_interface_id": "",
                "transit_gateway_id": "",
                "vpc_endpoint_id": "",
                "vpc_peering_connection_id": ""
              }
            ],
            "tags": {
              "Name": "rt-privada"
            },
            "tags_all": {
              "Name": "rt-privada"
            },
            "timeouts": null,
            "vpc_id": "vpc-0efc21e0ef708ac17"
          },
          "sensitive_attributes": [],
          "private": "eyJlMmJmYjczMC1lY2FhLTExZTYtOGY4OC0zNDM2M2JjN2M0YzAiOnsiY3JlYXRlIjozMDAwMDAwMDAwMDAsImRlbGV0ZSI6MzAwMDAwMDAwMDAwLCJ1cGRhdGUiOjEyMDAwMDAwMDAwMH19",
          "dependencies": [
            "aws_eip.main-public",
            "aws_nat_gateway.main",
            "aws_subnet.main-public",
            "aws_vpc.main"
          ]
        }
      ]
    },
    {
      "mode": "managed",
      "type": "aws_route_table",
      "name": "main-public",
      "provider": "provider[\"registry.terraform.io/hashicorp/aws\"]",
      "instances": [
        {
          "schema_version": 0,
          "attributes": {
            "arn": "arn:aws:ec2:us-east-1:600852671443:route-table/rtb-0fbba315dcc6f115d",
            "id": "rtb-0fbba315dcc6f115d",
            "owner_id": "600852671443",
            "propagating_vgws": [],
            "route": [
              {
                "carrier_gateway_id": "",
                "cidr_block": "0.0.0.0/0",
                "destination_prefix_list_id": "",
                "egress_only_gateway_id": "",
                "gateway_id": "igw-001dc530895857a3e",
                "instance_id": "",
                "ipv6_cidr_block": "",
                "local_gateway_id": "",
                "nat_gateway_id": "",
                "network_interface_id": "",
                "transit_gateway_id": "",
                "vpc_endpoint_id": "",
                "vpc_peering_connection_id": ""
              }
            ],
            "tags": {
              "Name": "rt-publica"
            },
            "tags_all": {
              "Name": "rt-publica"
            },
            "timeouts": null,
            "vpc_id": "vpc-0efc21e0ef708ac17"
          },
          "sensitive_attributes": [],
          "private": "eyJlMmJmYjczMC1lY2FhLTExZTYtOGY4OC0zNDM2M2JjN2M0YzAiOnsiY3JlYXRlIjozMDAwMDAwMDAwMDAsImRlbGV0ZSI6MzAwMDAwMDAwMDAwLCJ1cGRhdGUiOjEyMDAwMDAwMDAwMH19",
          "dependencies": [
            "aws_internet_gateway.main",
            "aws_vpc.main"
          ]
        }
      ]
    },
    {
      "mode": "managed",
      "type": "aws_route_table_association",
      "name": "main-private",
      "provider": "provider[\"registry.terraform.io/hashicorp/aws\"]",
      "instances": [
        {
          "schema_version": 0,
          "attributes": {
            "gateway_id": "",
            "id": "rtbassoc-019482996c1fe8158",
            "route_table_id": "rtb-0791c459b4f083a6d",
            "subnet_id": "subnet-01a0d0ed134677f7e"
          },
          "sensitive_attributes": [],
          "private": "bnVsbA==",
          "dependencies": [
            "aws_eip.main-public",
            "aws_nat_gateway.main",
            "aws_route_table.main-private",
            "aws_subnet.main-private",
            "aws_subnet.main-public",
            "aws_vpc.main"
          ]
        }
      ]
    },
    {
      "mode": "managed",
      "type": "aws_route_table_association",
      "name": "main-public",
      "provider": "provider[\"registry.terraform.io/hashicorp/aws\"]",
      "instances": [
        {
          "schema_version": 0,
          "attributes": {
            "gateway_id": "",
            "id": "rtbassoc-0bd7ce0368fedb79c",
            "route_table_id": "rtb-0fbba315dcc6f115d",
            "subnet_id": "subnet-0b840396c2a9ff153"
          },
          "sensitive_attributes": [],
          "private": "bnVsbA==",
          "dependencies": [
            "aws_internet_gateway.main",
            "aws_route_table.main-public",
            "aws_subnet.main-public",
            "aws_vpc.main"
          ]
        }
      ]
    },
    {
      "mode": "managed",
      "type": "aws_security_group",
      "name": "main",
      "provider": "provider[\"registry.terraform.io/hashicorp/aws\"]",
      "instances": [
        {
          "schema_version": 1,
          "attributes": {
            "arn": "arn:aws:ec2:us-east-1:600852671443:security-group/sg-018a2e7b51d320cbe",
            "description": "main security group",
            "egress": [
              {
                "cidr_blocks": [
                  "0.0.0.0/0"
                ],
                "description": "",
                "from_port": 0,
                "ipv6_cidr_blocks": [],
                "prefix_list_ids": [],
                "protocol": "-1",
                "security_groups": [],
                "self": false,
                "to_port": 0
              }
            ],
            "id": "sg-018a2e7b51d320cbe",
            "ingress": [
              {
                "cidr_blocks": [
                  "0.0.0.0/0"
                ],
                "description": "",
                "from_port": 0,
                "ipv6_cidr_blocks": [],
                "prefix_list_ids": [],
                "protocol": "-1",
                "security_groups": [],
                "self": false,
                "to_port": 0
              }
            ],
            "name": "main-sg",
            "name_prefix": "",
            "owner_id": "600852671443",
            "revoke_rules_on_delete": false,
            "tags": {},
            "tags_all": {},
            "timeouts": null,
            "vpc_id": "vpc-0efc21e0ef708ac17"
          },
          "sensitive_attributes": [],
          "private": "eyJlMmJmYjczMC1lY2FhLTExZTYtOGY4OC0zNDM2M2JjN2M0YzAiOnsiY3JlYXRlIjo2MDAwMDAwMDAwMDAsImRlbGV0ZSI6OTAwMDAwMDAwMDAwfSwic2NoZW1hX3ZlcnNpb24iOiIxIn0=",
          "dependencies": [
            "aws_vpc.main"
          ]
        }
      ]
    },
    {
      "mode": "managed",
      "type": "aws_subnet",
      "name": "main-private",
      "provider": "provider[\"registry.terraform.io/hashicorp/aws\"]",
      "instances": [
        {
          "schema_version": 1,
          "attributes": {
            "arn": "arn:aws:ec2:us-east-1:600852671443:subnet/subnet-01a0d0ed134677f7e",
            "assign_ipv6_address_on_creation": false,
            "availability_zone": "us-east-1b",
            "availability_zone_id": "use1-az4",
            "cidr_block": "10.0.1.0/24",
            "customer_owned_ipv4_pool": "",
            "enable_dns64": false,
            "enable_resource_name_dns_a_record_on_launch": false,
            "enable_resource_name_dns_aaaa_record_on_launch": false,
            "id": "subnet-01a0d0ed134677f7e",
            "ipv6_cidr_block": "",
            "ipv6_cidr_block_association_id": "",
            "ipv6_native": false,
            "map_customer_owned_ip_on_launch": false,
            "map_public_ip_on_launch": false,
            "outpost_arn": "",
            "owner_id": "600852671443",
            "private_dns_hostname_type_on_launch": "ip-name",
            "tags": {
              "Name": "subnet-privada"
            },
            "tags_all": {
              "Name": "subnet-privada"
            },
            "timeouts": null,
            "vpc_id": "vpc-0efc21e0ef708ac17"
          },
          "sensitive_attributes": [],
          "private": "eyJlMmJmYjczMC1lY2FhLTExZTYtOGY4OC0zNDM2M2JjN2M0YzAiOnsiY3JlYXRlIjo2MDAwMDAwMDAwMDAsImRlbGV0ZSI6MTIwMDAwMDAwMDAwMH0sInNjaGVtYV92ZXJzaW9uIjoiMSJ9",
          "dependencies": [
            "aws_vpc.main"
          ]
        }
      ]
    },
    {
      "mode": "managed",
      "type": "aws_subnet",
      "name": "main-public",
      "provider": "provider[\"registry.terraform.io/hashicorp/aws\"]",
      "instances": [
        {
          "schema_version": 1,
          "attributes": {
            "arn": "arn:aws:ec2:us-east-1:600852671443:subnet/subnet-0b840396c2a9ff153",
            "assign_ipv6_address_on_creation": false,
            "availability_zone": "us-east-1e",
            "availability_zone_id": "use1-az3",
            "cidr_block": "10.0.0.0/24",
            "customer_owned_ipv4_pool": "",
            "enable_dns64": false,
            "enable_resource_name_dns_a_record_on_launch": false,
            "enable_resource_name_dns_aaaa_record_on_launch": false,
            "id": "subnet-0b840396c2a9ff153",
            "ipv6_cidr_block": "",
            "ipv6_cidr_block_association_id": "",
            "ipv6_native": false,
            "map_customer_owned_ip_on_launch": false,
            "map_public_ip_on_launch": true,
            "outpost_arn": "",
            "owner_id": "600852671443",
            "private_dns_hostname_type_on_launch": "ip-name",
            "tags": {
              "Name": "subnet-publica"
            },
            "tags_all": {
              "Name": "subnet-publica"
            },
            "timeouts": null,
            "vpc_id": "vpc-0efc21e0ef708ac17"
          },
          "sensitive_attributes": [],
          "private": "eyJlMmJmYjczMC1lY2FhLTExZTYtOGY4OC0zNDM2M2JjN2M0YzAiOnsiY3JlYXRlIjo2MDAwMDAwMDAwMDAsImRlbGV0ZSI6MTIwMDAwMDAwMDAwMH0sInNjaGVtYV92ZXJzaW9uIjoiMSJ9",
          "dependencies": [
            "aws_vpc.main"
          ]
        }
      ]
    },
    {
      "mode": "managed",
      "type": "aws_vpc",
      "name": "main",
      "provider": "provider[\"registry.terraform.io/hashicorp/aws\"]",
      "instances": [
        {
          "schema_version": 1,
          "attributes": {
            "arn": "arn:aws:ec2:us-east-1:600852671443:vpc/vpc-0efc21e0ef708ac17",
            "assign_generated_ipv6_cidr_block": false,
            "cidr_block": "10.0.0.0/23",
            "default_network_acl_id": "acl-0c6424d8a1fffa4aa",
            "default_route_table_id": "rtb-062101cf90d146e55",
            "default_security_group_id": "sg-0562fb3aba67176dd",
            "dhcp_options_id": "dopt-0825f6f2e2160bdd7",
            "enable_classiclink": false,
            "enable_classiclink_dns_support": false,
            "enable_dns_hostnames": true,
            "enable_dns_support": true,
            "id": "vpc-0efc21e0ef708ac17",
            "instance_tenancy": "default",
            "ipv4_ipam_pool_id": null,
            "ipv4_netmask_length": null,
            "ipv6_association_id": "",
            "ipv6_cidr_block": "",
            "ipv6_cidr_block_network_border_group": "",
            "ipv6_ipam_pool_id": "",
            "ipv6_netmask_length": 0,
            "main_route_table_id": "rtb-062101cf90d146e55",
            "owner_id": "600852671443",
            "tags": {
              "Name": "vpc-01"
            },
            "tags_all": {
              "Name": "vpc-01"
            }
          },
          "sensitive_attributes": [],
          "private": "eyJzY2hlbWFfdmVyc2lvbiI6IjEifQ=="
        }
      ]
    },
    {
      "mode": "managed",
      "type": "local_file",
      "name": "application_properties",
      "provider": "provider[\"registry.terraform.io/hashicorp/local\"]",
      "instances": [
        {
          "schema_version": 0,
          "attributes": {
            "content": "spring.application.name=gestioBackEnd\n\nserver.error.include-message=always\nserver.error.include-binding-errors=always\n\nspring.datasource.url=jdbc:mysql://localhost:3306/askyu\nspring.datasource.driver-class-name=com.mysql.cj.jdbc.Driver\nspring.datasource.username=testes\nspring.datasource.password=12345678\n\nspring.jpa.show-sql=true\nspring.jpa.properties.hibernate.format_sql=true\nspring.jpa.hibernate.ddl-auto=update\n\nspring.servlet.multipart.enabled=true\nspring.servlet.multipart.max-file-size=10MB\nspring.servlet.multipart.max-request-size=10MB\ncors.allowed-origins=34.239.250.245\n",
            "content_base64": null,
            "content_base64sha256": "OSlho1RX3y3RRm5N3wt5Z2L682Kqzvwz0ksP7T0sq3w=",
            "content_base64sha512": "wgLmgoRZ/S0LYRFvdrW1iGQPw8C5U7r/K+on7nXL0CY1f/A9lposZsdEPKKU1VV1MDVGG7RKHggTBGk+DssOqw==",
            "content_md5": "b8358993725382768f57def6bc95e9f9",
            "content_sha1": "b45699bfbb57fd2c1208b35add7912b355e95290",
            "content_sha256": "392961a35457df2dd1466e4ddf0b796762faf362aacefc33d24b0fed3d2cab7c",
            "content_sha512": "c202e6828459fd2d0b61116f76b5b588640fc3c0b953baff2bea27ee75cbd026357ff03d969a2c66c7443ca294d555753035461bb44a1e081304693e0ecb0eab",
            "directory_permission": "0777",
            "file_permission": "0777",
            "filename": "./application.properties",
            "id": "b45699bfbb57fd2c1208b35add7912b355e95290",
            "sensitive_content": null,
            "source": null
          },
          "sensitive_attributes": [
            [
              {
                "type": "get_attr",
                "value": "sensitive_content"
              }
            ]
          ],
          "dependencies": [
            "aws_instance.main-public",
            "aws_key_pair.main-public",
            "aws_security_group.main",
            "aws_subnet.main-public",
            "aws_vpc.main",
            "data.template_file.back-conf"
          ]
        }
      ]
    }
  ],
  "check_results": null
}
